// !$*UTF8*$!
{
	archiveVersion = 1;
	classes = {
	};
	objectVersion = 50;
	objects = {

/* Begin PBXBuildFile section */
		05A46D48DB1A8C7ADD8B4FAB /* libPods-UserNotification.a in Frameworks */ = {isa = PBXBuildFile; fileRef = FA3ED4E57C00D770405A9AA1 /* libPods-UserNotification.a */; };
		760BF2FF23548E4100FC38A7 /* like.png in Resources */ = {isa = PBXBuildFile; fileRef = 760BF2FD23548E4100FC38A7 /* like.png */; };
		760BF30023548E4100FC38A7 /* unlike.png in Resources */ = {isa = PBXBuildFile; fileRef = 760BF2FE23548E4100FC38A7 /* unlike.png */; };
		760BF3092355B3EB00FC38A7 /* NotificationService.m in Sources */ = {isa = PBXBuildFile; fileRef = 760BF3082355B3EB00FC38A7 /* NotificationService.m */; };
		760BF30D2355B3EB00FC38A7 /* NotificationServiceExtension.appex in Embed App Extensions */ = {isa = PBXBuildFile; fileRef = 760BF3052355B3EB00FC38A7 /* NotificationServiceExtension.appex */; settings = {ATTRIBUTES = (RemoveHeadersOnCopy, ); }; };
		76368A5D234C5905007BF656 /* AppDelegate.m in Sources */ = {isa = PBXBuildFile; fileRef = 76368A5C234C5905007BF656 /* AppDelegate.m */; };
		76368A63234C5905007BF656 /* ViewController.m in Sources */ = {isa = PBXBuildFile; fileRef = 76368A62234C5905007BF656 /* ViewController.m */; };
		76368A68234C5908007BF656 /* Assets.xcassets in Resources */ = {isa = PBXBuildFile; fileRef = 76368A67234C5908007BF656 /* Assets.xcassets */; };
		76368A6B234C5908007BF656 /* LaunchScreen.storyboard in Resources */ = {isa = PBXBuildFile; fileRef = 76368A69234C5908007BF656 /* LaunchScreen.storyboard */; };
		76368A6E234C5908007BF656 /* main.m in Sources */ = {isa = PBXBuildFile; fileRef = 76368A6D234C5908007BF656 /* main.m */; };
		76368A76234C7C5B007BF656 /* main.storyboard in Resources */ = {isa = PBXBuildFile; fileRef = 76368A75234C7C5B007BF656 /* main.storyboard */; };
		76368A7E234DC2B9007BF656 /* UserNotifications.framework in Frameworks */ = {isa = PBXBuildFile; fileRef = 76368A7D234DC2B9007BF656 /* UserNotifications.framework */; };
		76368A80234DC2B9007BF656 /* UserNotificationsUI.framework in Frameworks */ = {isa = PBXBuildFile; fileRef = 76368A7F234DC2B9007BF656 /* UserNotificationsUI.framework */; };
		76368A84234DC2B9007BF656 /* NotificationViewController.m in Sources */ = {isa = PBXBuildFile; fileRef = 76368A83234DC2B9007BF656 /* NotificationViewController.m */; };
		76368A87234DC2B9007BF656 /* MainInterface.storyboard in Resources */ = {isa = PBXBuildFile; fileRef = 76368A85234DC2B9007BF656 /* MainInterface.storyboard */; };
		76368A8B234DC2BA007BF656 /* NotificationExtension.appex in Embed App Extensions */ = {isa = PBXBuildFile; fileRef = 76368A7B234DC2B9007BF656 /* NotificationExtension.appex */; settings = {ATTRIBUTES = (RemoveHeadersOnCopy, ); }; };
		76368A91234DC4DB007BF656 /* life.jpg in Resources */ = {isa = PBXBuildFile; fileRef = 76368A90234DC4DA007BF656 /* life.jpg */; };
		76368A92234DC4DB007BF656 /* life.jpg in Resources */ = {isa = PBXBuildFile; fileRef = 76368A90234DC4DA007BF656 /* life.jpg */; };
		76368A95234F09C3007BF656 /* NewsApi.m in Sources */ = {isa = PBXBuildFile; fileRef = 76368A94234F09C3007BF656 /* NewsApi.m */; };
		76368A98234F1D15007BF656 /* LVAVPlayerView.m in Sources */ = {isa = PBXBuildFile; fileRef = 76368A97234F1D15007BF656 /* LVAVPlayerView.m */; };
		84F116B150E824E982820F49 /* libPods-NotificationServiceExtension.a in Frameworks */ = {isa = PBXBuildFile; fileRef = 505B594C22897724B8BC0CE0 /* libPods-NotificationServiceExtension.a */; };
		B5524C1780FBD2490CE597D5 /* libPods-NotificationExtension.a in Frameworks */ = {isa = PBXBuildFile; fileRef = F2F29D35714275EA4638622D /* libPods-NotificationExtension.a */; };
/* End PBXBuildFile section */

/* Begin PBXContainerItemProxy section */
		760BF30B2355B3EB00FC38A7 /* PBXContainerItemProxy */ = {
			isa = PBXContainerItemProxy;
			containerPortal = 76368A50234C5905007BF656 /* Project object */;
			proxyType = 1;
			remoteGlobalIDString = 760BF3042355B3EB00FC38A7;
			remoteInfo = NotificationServiceExtension;
		};
		76368A89234DC2BA007BF656 /* PBXContainerItemProxy */ = {
			isa = PBXContainerItemProxy;
			containerPortal = 76368A50234C5905007BF656 /* Project object */;
			proxyType = 1;
			remoteGlobalIDString = 76368A7A234DC2B9007BF656;
			remoteInfo = NotificationExtension;
		};
/* End PBXContainerItemProxy section */

/* Begin PBXCopyFilesBuildPhase section */
		76368A8F234DC2BA007BF656 /* Embed App Extensions */ = {
			isa = PBXCopyFilesBuildPhase;
			buildActionMask = 2147483647;
			dstPath = "";
			dstSubfolderSpec = 13;
			files = (
				76368A8B234DC2BA007BF656 /* NotificationExtension.appex in Embed App Extensions */,
				760BF30D2355B3EB00FC38A7 /* NotificationServiceExtension.appex in Embed App Extensions */,
			);
			name = "Embed App Extensions";
			runOnlyForDeploymentPostprocessing = 0;
		};
/* End PBXCopyFilesBuildPhase section */

/* Begin PBXFileReference section */
		17627500DC4C2ACAD84E1410 /* Pods-NotificationServiceExtension.debug.xcconfig */ = {isa = PBXFileReference; includeInIndex = 1; lastKnownFileType = text.xcconfig; name = "Pods-NotificationServiceExtension.debug.xcconfig"; path = "Pods/Target Support Files/Pods-NotificationServiceExtension/Pods-NotificationServiceExtension.debug.xcconfig"; sourceTree = "<group>"; };
		32048509974B69B000A9D9E8 /* Pods-UserNotification.debug.xcconfig */ = {isa = PBXFileReference; includeInIndex = 1; lastKnownFileType = text.xcconfig; name = "Pods-UserNotification.debug.xcconfig"; path = "Pods/Target Support Files/Pods-UserNotification/Pods-UserNotification.debug.xcconfig"; sourceTree = "<group>"; };
		505B594C22897724B8BC0CE0 /* libPods-NotificationServiceExtension.a */ = {isa = PBXFileReference; explicitFileType = archive.ar; includeInIndex = 0; path = "libPods-NotificationServiceExtension.a"; sourceTree = BUILT_PRODUCTS_DIR; };
		760BF2FD23548E4100FC38A7 /* like.png */ = {isa = PBXFileReference; lastKnownFileType = image.png; path = like.png; sourceTree = "<group>"; };
		760BF2FE23548E4100FC38A7 /* unlike.png */ = {isa = PBXFileReference; lastKnownFileType = image.png; path = unlike.png; sourceTree = "<group>"; };
		760BF3052355B3EB00FC38A7 /* NotificationServiceExtension.appex */ = {isa = PBXFileReference; explicitFileType = "wrapper.app-extension"; includeInIndex = 0; path = NotificationServiceExtension.appex; sourceTree = BUILT_PRODUCTS_DIR; };
		760BF3072355B3EB00FC38A7 /* NotificationService.h */ = {isa = PBXFileReference; lastKnownFileType = sourcecode.c.h; path = NotificationService.h; sourceTree = "<group>"; };
		760BF3082355B3EB00FC38A7 /* NotificationService.m */ = {isa = PBXFileReference; lastKnownFileType = sourcecode.c.objc; path = NotificationService.m; sourceTree = "<group>"; };
		760BF30A2355B3EB00FC38A7 /* Info.plist */ = {isa = PBXFileReference; lastKnownFileType = text.plist.xml; path = Info.plist; sourceTree = "<group>"; };
		76368A58234C5905007BF656 /* UserNotification.app */ = {isa = PBXFileReference; explicitFileType = wrapper.application; includeInIndex = 0; path = UserNotification.app; sourceTree = BUILT_PRODUCTS_DIR; };
		76368A5B234C5905007BF656 /* AppDelegate.h */ = {isa = PBXFileReference; lastKnownFileType = sourcecode.c.h; path = AppDelegate.h; sourceTree = "<group>"; };
		76368A5C234C5905007BF656 /* AppDelegate.m */ = {isa = PBXFileReference; lastKnownFileType = sourcecode.c.objc; path = AppDelegate.m; sourceTree = "<group>"; };
		76368A61234C5905007BF656 /* ViewController.h */ = {isa = PBXFileReference; lastKnownFileType = sourcecode.c.h; path = ViewController.h; sourceTree = "<group>"; };
		76368A62234C5905007BF656 /* ViewController.m */ = {isa = PBXFileReference; lastKnownFileType = sourcecode.c.objc; path = ViewController.m; sourceTree = "<group>"; };
		76368A67234C5908007BF656 /* Assets.xcassets */ = {isa = PBXFileReference; lastKnownFileType = folder.assetcatalog; path = Assets.xcassets; sourceTree = "<group>"; };
		76368A6A234C5908007BF656 /* Base */ = {isa = PBXFileReference; lastKnownFileType = file.storyboard; name = Base; path = Base.lproj/LaunchScreen.storyboard; sourceTree = "<group>"; };
		76368A6C234C5908007BF656 /* Info.plist */ = {isa = PBXFileReference; lastKnownFileType = text.plist.xml; path = Info.plist; sourceTree = "<group>"; };
		76368A6D234C5908007BF656 /* main.m */ = {isa = PBXFileReference; lastKnownFileType = sourcecode.c.objc; path = main.m; sourceTree = "<group>"; };
		76368A74234C6662007BF656 /* zh-Hans */ = {isa = PBXFileReference; lastKnownFileType = text.plist.strings; name = "zh-Hans"; path = "zh-Hans.lproj/LaunchScreen.strings"; sourceTree = "<group>"; };
		76368A75234C7C5B007BF656 /* main.storyboard */ = {isa = PBXFileReference; lastKnownFileType = file.storyboard; path = main.storyboard; sourceTree = "<group>"; };
		76368A7B234DC2B9007BF656 /* NotificationExtension.appex */ = {isa = PBXFileReference; explicitFileType = "wrapper.app-extension"; includeInIndex = 0; path = NotificationExtension.appex; sourceTree = BUILT_PRODUCTS_DIR; };
		76368A7D234DC2B9007BF656 /* UserNotifications.framework */ = {isa = PBXFileReference; lastKnownFileType = wrapper.framework; name = UserNotifications.framework; path = System/Library/Frameworks/UserNotifications.framework; sourceTree = SDKROOT; };
		76368A7F234DC2B9007BF656 /* UserNotificationsUI.framework */ = {isa = PBXFileReference; lastKnownFileType = wrapper.framework; name = UserNotificationsUI.framework; path = System/Library/Frameworks/UserNotificationsUI.framework; sourceTree = SDKROOT; };
		76368A82234DC2B9007BF656 /* NotificationViewController.h */ = {isa = PBXFileReference; lastKnownFileType = sourcecode.c.h; path = NotificationViewController.h; sourceTree = "<group>"; };
		76368A83234DC2B9007BF656 /* NotificationViewController.m */ = {isa = PBXFileReference; lastKnownFileType = sourcecode.c.objc; path = NotificationViewController.m; sourceTree = "<group>"; };
		76368A86234DC2B9007BF656 /* Base */ = {isa = PBXFileReference; lastKnownFileType = file.storyboard; name = Base; path = Base.lproj/MainInterface.storyboard; sourceTree = "<group>"; };
		76368A88234DC2B9007BF656 /* Info.plist */ = {isa = PBXFileReference; lastKnownFileType = text.plist.xml; path = Info.plist; sourceTree = "<group>"; };
		76368A90234DC4DA007BF656 /* life.jpg */ = {isa = PBXFileReference; lastKnownFileType = image.jpeg; path = life.jpg; sourceTree = "<group>"; };
		76368A93234F09C3007BF656 /* NewsApi.h */ = {isa = PBXFileReference; lastKnownFileType = sourcecode.c.h; path = NewsApi.h; sourceTree = "<group>"; };
		76368A94234F09C3007BF656 /* NewsApi.m */ = {isa = PBXFileReference; lastKnownFileType = sourcecode.c.objc; path = NewsApi.m; sourceTree = "<group>"; };
		76368A96234F1D15007BF656 /* LVAVPlayerView.h */ = {isa = PBXFileReference; lastKnownFileType = sourcecode.c.h; path = LVAVPlayerView.h; sourceTree = "<group>"; };
		76368A97234F1D15007BF656 /* LVAVPlayerView.m */ = {isa = PBXFileReference; lastKnownFileType = sourcecode.c.objc; path = LVAVPlayerView.m; sourceTree = "<group>"; };
		76368A9A234F2B46007BF656 /* PrefixHeader.pch */ = {isa = PBXFileReference; lastKnownFileType = sourcecode.c.h; path = PrefixHeader.pch; sourceTree = "<group>"; };
		7A7D80A997853DD1664FF70D /* Pods-NotificationExtension.debug.xcconfig */ = {isa = PBXFileReference; includeInIndex = 1; lastKnownFileType = text.xcconfig; name = "Pods-NotificationExtension.debug.xcconfig"; path = "Pods/Target Support Files/Pods-NotificationExtension/Pods-NotificationExtension.debug.xcconfig"; sourceTree = "<group>"; };
		D9339B6421E2430552666BAA /* Pods-UserNotification.release.xcconfig */ = {isa = PBXFileReference; includeInIndex = 1; lastKnownFileType = text.xcconfig; name = "Pods-UserNotification.release.xcconfig"; path = "Pods/Target Support Files/Pods-UserNotification/Pods-UserNotification.release.xcconfig"; sourceTree = "<group>"; };
		F1A4408112D09AA506A92B06 /* Pods-NotificationServiceExtension.release.xcconfig */ = {isa = PBXFileReference; includeInIndex = 1; lastKnownFileType = text.xcconfig; name = "Pods-NotificationServiceExtension.release.xcconfig"; path = "Pods/Target Support Files/Pods-NotificationServiceExtension/Pods-NotificationServiceExtension.release.xcconfig"; sourceTree = "<group>"; };
		F2F29D35714275EA4638622D /* libPods-NotificationExtension.a */ = {isa = PBXFileReference; explicitFileType = archive.ar; includeInIndex = 0; path = "libPods-NotificationExtension.a"; sourceTree = BUILT_PRODUCTS_DIR; };
		FA3ED4E57C00D770405A9AA1 /* libPods-UserNotification.a */ = {isa = PBXFileReference; explicitFileType = archive.ar; includeInIndex = 0; path = "libPods-UserNotification.a"; sourceTree = BUILT_PRODUCTS_DIR; };
		FAA29B864C0E824EB13BA502 /* Pods-NotificationExtension.release.xcconfig */ = {isa = PBXFileReference; includeInIndex = 1; lastKnownFileType = text.xcconfig; name = "Pods-NotificationExtension.release.xcconfig"; path = "Pods/Target Support Files/Pods-NotificationExtension/Pods-NotificationExtension.release.xcconfig"; sourceTree = "<group>"; };
/* End PBXFileReference section */

/* Begin PBXFrameworksBuildPhase section */
		760BF3022355B3EB00FC38A7 /* Frameworks */ = {
			isa = PBXFrameworksBuildPhase;
			buildActionMask = 2147483647;
			files = (
				84F116B150E824E982820F49 /* libPods-NotificationServiceExtension.a in Frameworks */,
			);
			runOnlyForDeploymentPostprocessing = 0;
		};
		76368A55234C5905007BF656 /* Frameworks */ = {
			isa = PBXFrameworksBuildPhase;
			buildActionMask = 2147483647;
			files = (
				05A46D48DB1A8C7ADD8B4FAB /* libPods-UserNotification.a in Frameworks */,
			);
			runOnlyForDeploymentPostprocessing = 0;
		};
		76368A78234DC2B9007BF656 /* Frameworks */ = {
			isa = PBXFrameworksBuildPhase;
			buildActionMask = 2147483647;
			files = (
				76368A80234DC2B9007BF656 /* UserNotificationsUI.framework in Frameworks */,
				76368A7E234DC2B9007BF656 /* UserNotifications.framework in Frameworks */,
				B5524C1780FBD2490CE597D5 /* libPods-NotificationExtension.a in Frameworks */,
			);
			runOnlyForDeploymentPostprocessing = 0;
		};
/* End PBXFrameworksBuildPhase section */

/* Begin PBXGroup section */
		760BF3062355B3EB00FC38A7 /* NotificationServiceExtension */ = {
			isa = PBXGroup;
			children = (
				760BF3072355B3EB00FC38A7 /* NotificationService.h */,
				760BF3082355B3EB00FC38A7 /* NotificationService.m */,
				760BF30A2355B3EB00FC38A7 /* Info.plist */,
			);
			path = NotificationServiceExtension;
			sourceTree = "<group>";
		};
		76368A4F234C5905007BF656 = {
			isa = PBXGroup;
			children = (
				76368A5A234C5905007BF656 /* UserNotification */,
				76368A81234DC2B9007BF656 /* NotificationExtension */,
				760BF3062355B3EB00FC38A7 /* NotificationServiceExtension */,
				76368A7C234DC2B9007BF656 /* Frameworks */,
				76368A59234C5905007BF656 /* Products */,
				8278CA4F699BE553411B71FC /* Pods */,
			);
			sourceTree = "<group>";
		};
		76368A59234C5905007BF656 /* Products */ = {
			isa = PBXGroup;
			children = (
				76368A58234C5905007BF656 /* UserNotification.app */,
				76368A7B234DC2B9007BF656 /* NotificationExtension.appex */,
				760BF3052355B3EB00FC38A7 /* NotificationServiceExtension.appex */,
			);
			name = Products;
			sourceTree = "<group>";
		};
		76368A5A234C5905007BF656 /* UserNotification */ = {
			isa = PBXGroup;
			children = (
				76368A5B234C5905007BF656 /* AppDelegate.h */,
				76368A5C234C5905007BF656 /* AppDelegate.m */,
				76368A90234DC4DA007BF656 /* life.jpg */,
				76368A61234C5905007BF656 /* ViewController.h */,
				76368A62234C5905007BF656 /* ViewController.m */,
				76368A9A234F2B46007BF656 /* PrefixHeader.pch */,
				76368A75234C7C5B007BF656 /* main.storyboard */,
				76368A67234C5908007BF656 /* Assets.xcassets */,
				76368A69234C5908007BF656 /* LaunchScreen.storyboard */,
				76368A6C234C5908007BF656 /* Info.plist */,
				76368A6D234C5908007BF656 /* main.m */,
			);
			path = UserNotification;
			sourceTree = "<group>";
		};
		76368A7C234DC2B9007BF656 /* Frameworks */ = {
			isa = PBXGroup;
			children = (
				76368A7D234DC2B9007BF656 /* UserNotifications.framework */,
				76368A7F234DC2B9007BF656 /* UserNotificationsUI.framework */,
				FA3ED4E57C00D770405A9AA1 /* libPods-UserNotification.a */,
				F2F29D35714275EA4638622D /* libPods-NotificationExtension.a */,
				505B594C22897724B8BC0CE0 /* libPods-NotificationServiceExtension.a */,
			);
			name = Frameworks;
			sourceTree = "<group>";
		};
		76368A81234DC2B9007BF656 /* NotificationExtension */ = {
			isa = PBXGroup;
			children = (
				76368A82234DC2B9007BF656 /* NotificationViewController.h */,
				76368A83234DC2B9007BF656 /* NotificationViewController.m */,
				76368A96234F1D15007BF656 /* LVAVPlayerView.h */,
				76368A97234F1D15007BF656 /* LVAVPlayerView.m */,
				76368A93234F09C3007BF656 /* NewsApi.h */,
				76368A94234F09C3007BF656 /* NewsApi.m */,
				76368A85234DC2B9007BF656 /* MainInterface.storyboard */,
				76368A88234DC2B9007BF656 /* Info.plist */,
				760BF2FD23548E4100FC38A7 /* like.png */,
				760BF2FE23548E4100FC38A7 /* unlike.png */,
			);
			path = NotificationExtension;
			sourceTree = "<group>";
		};
		8278CA4F699BE553411B71FC /* Pods */ = {
			isa = PBXGroup;
			children = (
				32048509974B69B000A9D9E8 /* Pods-UserNotification.debug.xcconfig */,
				D9339B6421E2430552666BAA /* Pods-UserNotification.release.xcconfig */,
				7A7D80A997853DD1664FF70D /* Pods-NotificationExtension.debug.xcconfig */,
				FAA29B864C0E824EB13BA502 /* Pods-NotificationExtension.release.xcconfig */,
				17627500DC4C2ACAD84E1410 /* Pods-NotificationServiceExtension.debug.xcconfig */,
				F1A4408112D09AA506A92B06 /* Pods-NotificationServiceExtension.release.xcconfig */,
			);
			name = Pods;
			sourceTree = "<group>";
		};
/* End PBXGroup section */

/* Begin PBXNativeTarget section */
		760BF3042355B3EB00FC38A7 /* NotificationServiceExtension */ = {
			isa = PBXNativeTarget;
			buildConfigurationList = 760BF30E2355B3EB00FC38A7 /* Build configuration list for PBXNativeTarget "NotificationServiceExtension" */;
			buildPhases = (
				716FC744FDC22D5D232A427A /* [CP] Check Pods Manifest.lock */,
				760BF3012355B3EB00FC38A7 /* Sources */,
				760BF3022355B3EB00FC38A7 /* Frameworks */,
				760BF3032355B3EB00FC38A7 /* Resources */,
			);
			buildRules = (
			);
			dependencies = (
			);
			name = NotificationServiceExtension;
			productName = NotificationServiceExtension;
			productReference = 760BF3052355B3EB00FC38A7 /* NotificationServiceExtension.appex */;
			productType = "com.apple.product-type.app-extension";
		};
		76368A57234C5905007BF656 /* UserNotification */ = {
			isa = PBXNativeTarget;
			buildConfigurationList = 76368A71234C5908007BF656 /* Build configuration list for PBXNativeTarget "UserNotification" */;
			buildPhases = (
				36B8FB5FDAFE0E6564258185 /* [CP] Check Pods Manifest.lock */,
				76368A54234C5905007BF656 /* Sources */,
				76368A55234C5905007BF656 /* Frameworks */,
				76368A56234C5905007BF656 /* Resources */,
				76368A8F234DC2BA007BF656 /* Embed App Extensions */,
				3C7D1BC2695CB90E0C385000 /* [CP] Copy Pods Resources */,
			);
			buildRules = (
			);
			dependencies = (
				76368A8A234DC2BA007BF656 /* PBXTargetDependency */,
				760BF30C2355B3EB00FC38A7 /* PBXTargetDependency */,
			);
			name = UserNotification;
			productName = UserNotification;
			productReference = 76368A58234C5905007BF656 /* UserNotification.app */;
			productType = "com.apple.product-type.application";
		};
		76368A7A234DC2B9007BF656 /* NotificationExtension */ = {
			isa = PBXNativeTarget;
			buildConfigurationList = 76368A8C234DC2BA007BF656 /* Build configuration list for PBXNativeTarget "NotificationExtension" */;
			buildPhases = (
				6531E6A05471869A780CDB07 /* [CP] Check Pods Manifest.lock */,
				76368A77234DC2B9007BF656 /* Sources */,
				76368A78234DC2B9007BF656 /* Frameworks */,
				76368A79234DC2B9007BF656 /* Resources */,
			);
			buildRules = (
			);
			dependencies = (
			);
			name = NotificationExtension;
			productName = NotificationExtension;
			productReference = 76368A7B234DC2B9007BF656 /* NotificationExtension.appex */;
			productType = "com.apple.product-type.app-extension";
		};
/* End PBXNativeTarget section */

/* Begin PBXProject section */
		76368A50234C5905007BF656 /* Project object */ = {
			isa = PBXProject;
			attributes = {
				LastUpgradeCheck = 1100;
				ORGANIZATIONNAME = "Lv Qiang";
				TargetAttributes = {
					760BF3042355B3EB00FC38A7 = {
						CreatedOnToolsVersion = 11.0;
					};
					76368A57234C5905007BF656 = {
						CreatedOnToolsVersion = 11.0;
					};
					76368A7A234DC2B9007BF656 = {
						CreatedOnToolsVersion = 11.0;
					};
				};
			};
			buildConfigurationList = 76368A53234C5905007BF656 /* Build configuration list for PBXProject "UserNotification" */;
			compatibilityVersion = "Xcode 9.3";
			developmentRegion = en;
			hasScannedForEncodings = 0;
			knownRegions = (
				en,
				Base,
				"zh-Hans",
			);
			mainGroup = 76368A4F234C5905007BF656;
			productRefGroup = 76368A59234C5905007BF656 /* Products */;
			projectDirPath = "";
			projectRoot = "";
			targets = (
				76368A57234C5905007BF656 /* UserNotification */,
				76368A7A234DC2B9007BF656 /* NotificationExtension */,
				760BF3042355B3EB00FC38A7 /* NotificationServiceExtension */,
			);
		};
/* End PBXProject section */

/* Begin PBXResourcesBuildPhase section */
		760BF3032355B3EB00FC38A7 /* Resources */ = {
			isa = PBXResourcesBuildPhase;
			buildActionMask = 2147483647;
			files = (
			);
			runOnlyForDeploymentPostprocessing = 0;
		};
		76368A56234C5905007BF656 /* Resources */ = {
			isa = PBXResourcesBuildPhase;
			buildActionMask = 2147483647;
			files = (
				76368A6B234C5908007BF656 /* LaunchScreen.storyboard in Resources */,
				76368A76234C7C5B007BF656 /* main.storyboard in Resources */,
				76368A68234C5908007BF656 /* Assets.xcassets in Resources */,
				76368A91234DC4DB007BF656 /* life.jpg in Resources */,
			);
			runOnlyForDeploymentPostprocessing = 0;
		};
		76368A79234DC2B9007BF656 /* Resources */ = {
			isa = PBXResourcesBuildPhase;
			buildActionMask = 2147483647;
			files = (
				76368A87234DC2B9007BF656 /* MainInterface.storyboard in Resources */,
				760BF30023548E4100FC38A7 /* unlike.png in Resources */,
				76368A92234DC4DB007BF656 /* life.jpg in Resources */,
				760BF2FF23548E4100FC38A7 /* like.png in Resources */,
			);
			runOnlyForDeploymentPostprocessing = 0;
		};
/* End PBXResourcesBuildPhase section */

/* Begin PBXShellScriptBuildPhase section */
		36B8FB5FDAFE0E6564258185 /* [CP] Check Pods Manifest.lock */ = {
			isa = PBXShellScriptBuildPhase;
			buildActionMask = 2147483647;
			files = (
			);
			inputFileListPaths = (
			);
			inputPaths = (
				"${PODS_PODFILE_DIR_PATH}/Podfile.lock",
				"${PODS_ROOT}/Manifest.lock",
			);
			name = "[CP] Check Pods Manifest.lock";
			outputFileListPaths = (
			);
			outputPaths = (
				"$(DERIVED_FILE_DIR)/Pods-UserNotification-checkManifestLockResult.txt",
			);
			runOnlyForDeploymentPostprocessing = 0;
			shellPath = /bin/sh;
			shellScript = "diff \"${PODS_PODFILE_DIR_PATH}/Podfile.lock\" \"${PODS_ROOT}/Manifest.lock\" > /dev/null\nif [ $? != 0 ] ; then\n    # print error to STDERR\n    echo \"error: The sandbox is not in sync with the Podfile.lock. Run 'pod install' or update your CocoaPods installation.\" >&2\n    exit 1\nfi\n# This output is used by Xcode 'outputs' to avoid re-running this script phase.\necho \"SUCCESS\" > \"${SCRIPT_OUTPUT_FILE_0}\"\n";
			showEnvVarsInLog = 0;
		};
		3C7D1BC2695CB90E0C385000 /* [CP] Copy Pods Resources */ = {
			isa = PBXShellScriptBuildPhase;
			buildActionMask = 2147483647;
			files = (
			);
			inputFileListPaths = (
			);
			inputPaths = (
				"${SRCROOT}/Pods/Target Support Files/Pods-UserNotification/Pods-UserNotification-resources.sh",
				"${PODS_ROOT}/SVProgressHUD/SVProgressHUD/SVProgressHUD.bundle",
			);
			name = "[CP] Copy Pods Resources";
			outputFileListPaths = (
			);
			outputPaths = (
				"${TARGET_BUILD_DIR}/${UNLOCALIZED_RESOURCES_FOLDER_PATH}/SVProgressHUD.bundle",
			);
			runOnlyForDeploymentPostprocessing = 0;
			shellPath = /bin/sh;
			shellScript = "\"${SRCROOT}/Pods/Target Support Files/Pods-UserNotification/Pods-UserNotification-resources.sh\"\n";
			showEnvVarsInLog = 0;
		};
		6531E6A05471869A780CDB07 /* [CP] Check Pods Manifest.lock */ = {
			isa = PBXShellScriptBuildPhase;
			buildActionMask = 2147483647;
			files = (
			);
			inputFileListPaths = (
			);
			inputPaths = (
				"${PODS_PODFILE_DIR_PATH}/Podfile.lock",
				"${PODS_ROOT}/Manifest.lock",
			);
			name = "[CP] Check Pods Manifest.lock";
			outputFileListPaths = (
			);
			outputPaths = (
				"$(DERIVED_FILE_DIR)/Pods-NotificationExtension-checkManifestLockResult.txt",
			);
			runOnlyForDeploymentPostprocessing = 0;
			shellPath = /bin/sh;
			shellScript = "diff \"${PODS_PODFILE_DIR_PATH}/Podfile.lock\" \"${PODS_ROOT}/Manifest.lock\" > /dev/null\nif [ $? != 0 ] ; then\n    # print error to STDERR\n    echo \"error: The sandbox is not in sync with the Podfile.lock. Run 'pod install' or update your CocoaPods installation.\" >&2\n    exit 1\nfi\n# This output is used by Xcode 'outputs' to avoid re-running this script phase.\necho \"SUCCESS\" > \"${SCRIPT_OUTPUT_FILE_0}\"\n";
			showEnvVarsInLog = 0;
		};
		716FC744FDC22D5D232A427A /* [CP] Check Pods Manifest.lock */ = {
			isa = PBXShellScriptBuildPhase;
			buildActionMask = 2147483647;
			files = (
			);
			inputFileListPaths = (
			);
			inputPaths = (
				"${PODS_PODFILE_DIR_PATH}/Podfile.lock",
				"${PODS_ROOT}/Manifest.lock",
			);
			name = "[CP] Check Pods Manifest.lock";
			outputFileListPaths = (
			);
			outputPaths = (
				"$(DERIVED_FILE_DIR)/Pods-NotificationServiceExtension-checkManifestLockResult.txt",
			);
			runOnlyForDeploymentPostprocessing = 0;
			shellPath = /bin/sh;
			shellScript = "diff \"${PODS_PODFILE_DIR_PATH}/Podfile.lock\" \"${PODS_ROOT}/Manifest.lock\" > /dev/null\nif [ $? != 0 ] ; then\n    # print error to STDERR\n    echo \"error: The sandbox is not in sync with the Podfile.lock. Run 'pod install' or update your CocoaPods installation.\" >&2\n    exit 1\nfi\n# This output is used by Xcode 'outputs' to avoid re-running this script phase.\necho \"SUCCESS\" > \"${SCRIPT_OUTPUT_FILE_0}\"\n";
			showEnvVarsInLog = 0;
		};
/* End PBXShellScriptBuildPhase section */

/* Begin PBXSourcesBuildPhase section */
		760BF3012355B3EB00FC38A7 /* Sources */ = {
			isa = PBXSourcesBuildPhase;
			buildActionMask = 2147483647;
			files = (
				760BF3092355B3EB00FC38A7 /* NotificationService.m in Sources */,
			);
			runOnlyForDeploymentPostprocessing = 0;
		};
		76368A54234C5905007BF656 /* Sources */ = {
			isa = PBXSourcesBuildPhase;
			buildActionMask = 2147483647;
			files = (
				76368A63234C5905007BF656 /* ViewController.m in Sources */,
				76368A5D234C5905007BF656 /* AppDelegate.m in Sources */,
				76368A6E234C5908007BF656 /* main.m in Sources */,
			);
			runOnlyForDeploymentPostprocessing = 0;
		};
		76368A77234DC2B9007BF656 /* Sources */ = {
			isa = PBXSourcesBuildPhase;
			buildActionMask = 2147483647;
			files = (
				76368A84234DC2B9007BF656 /* NotificationViewController.m in Sources */,
				76368A95234F09C3007BF656 /* NewsApi.m in Sources */,
				76368A98234F1D15007BF656 /* LVAVPlayerView.m in Sources */,
			);
			runOnlyForDeploymentPostprocessing = 0;
		};
/* End PBXSourcesBuildPhase section */

/* Begin PBXTargetDependency section */
		760BF30C2355B3EB00FC38A7 /* PBXTargetDependency */ = {
			isa = PBXTargetDependency;
			target = 760BF3042355B3EB00FC38A7 /* NotificationServiceExtension */;
			targetProxy = 760BF30B2355B3EB00FC38A7 /* PBXContainerItemProxy */;
		};
		76368A8A234DC2BA007BF656 /* PBXTargetDependency */ = {
			isa = PBXTargetDependency;
			target = 76368A7A234DC2B9007BF656 /* NotificationExtension */;
			targetProxy = 76368A89234DC2BA007BF656 /* PBXContainerItemProxy */;
		};
/* End PBXTargetDependency section */

/* Begin PBXVariantGroup section */
		76368A69234C5908007BF656 /* LaunchScreen.storyboard */ = {
			isa = PBXVariantGroup;
			children = (
				76368A6A234C5908007BF656 /* Base */,
				76368A74234C6662007BF656 /* zh-Hans */,
			);
			name = LaunchScreen.storyboard;
			sourceTree = "<group>";
		};
		76368A85234DC2B9007BF656 /* MainInterface.storyboard */ = {
			isa = PBXVariantGroup;
			children = (
				76368A86234DC2B9007BF656 /* Base */,
			);
			name = MainInterface.storyboard;
			sourceTree = "<group>";
		};
/* End PBXVariantGroup section */

/* Begin XCBuildConfiguration section */
		760BF30F2355B3EB00FC38A7 /* Debug */ = {
			isa = XCBuildConfiguration;
			baseConfigurationReference = 17627500DC4C2ACAD84E1410 /* Pods-NotificationServiceExtension.debug.xcconfig */;
			buildSettings = {
				CODE_SIGN_STYLE = Automatic;
				DEVELOPMENT_TEAM = HH9LYTJFTB;
				INFOPLIST_FILE = NotificationServiceExtension/Info.plist;
				IPHONEOS_DEPLOYMENT_TARGET = 13.0;
				LD_RUNPATH_SEARCH_PATHS = (
					"$(inherited)",
					"@executable_path/Frameworks",
					"@executable_path/../../Frameworks",
				);
				PRODUCT_BUNDLE_IDENTIFIER = com.doctor.baiyaohealth.NotificationServiceExtension;
				PRODUCT_NAME = "$(TARGET_NAME)";
				SKIP_INSTALL = YES;
				TARGETED_DEVICE_FAMILY = "1,2";
			};
			name = Debug;
		};
		760BF3102355B3EB00FC38A7 /* Release */ = {
			isa = XCBuildConfiguration;
			baseConfigurationReference = F1A4408112D09AA506A92B06 /* Pods-NotificationServiceExtension.release.xcconfig */;
			buildSettings = {
				CODE_SIGN_STYLE = Automatic;
				DEVELOPMENT_TEAM = HH9LYTJFTB;
				INFOPLIST_FILE = NotificationServiceExtension/Info.plist;
				IPHONEOS_DEPLOYMENT_TARGET = 13.0;
				LD_RUNPATH_SEARCH_PATHS = (
					"$(inherited)",
					"@executable_path/Frameworks",
					"@executable_path/../../Frameworks",
				);
				PRODUCT_BUNDLE_IDENTIFIER = com.doctor.baiyaohealth.NotificationServiceExtension;
				PRODUCT_NAME = "$(TARGET_NAME)";
				SKIP_INSTALL = YES;
				TARGETED_DEVICE_FAMILY = "1,2";
			};
			name = Release;
		};
		76368A6F234C5908007BF656 /* Debug */ = {
			isa = XCBuildConfiguration;
			buildSettings = {
				ALWAYS_SEARCH_USER_PATHS = NO;
				CLANG_ANALYZER_LOCALIZABILITY_NONLOCALIZED = YES;
				CLANG_ANALYZER_NONNULL = YES;
				CLANG_ANALYZER_NUMBER_OBJECT_CONVERSION = YES_AGGRESSIVE;
				CLANG_CXX_LANGUAGE_STANDARD = "gnu++14";
				CLANG_CXX_LIBRARY = "libc++";
				CLANG_ENABLE_MODULES = YES;
				CLANG_ENABLE_OBJC_ARC = YES;
				CLANG_ENABLE_OBJC_WEAK = YES;
				CLANG_WARN_BLOCK_CAPTURE_AUTORELEASING = YES;
				CLANG_WARN_BOOL_CONVERSION = YES;
				CLANG_WARN_COMMA = YES;
				CLANG_WARN_CONSTANT_CONVERSION = YES;
				CLANG_WARN_DEPRECATED_OBJC_IMPLEMENTATIONS = YES;
				CLANG_WARN_DIRECT_OBJC_ISA_USAGE = YES_ERROR;
				CLANG_WARN_DOCUMENTATION_COMMENTS = YES;
				CLANG_WARN_EMPTY_BODY = YES;
				CLANG_WARN_ENUM_CONVERSION = YES;
				CLANG_WARN_INFINITE_RECURSION = YES;
				CLANG_WARN_INT_CONVERSION = YES;
				CLANG_WARN_NON_LITERAL_NULL_CONVERSION = YES;
				CLANG_WARN_OBJC_IMPLICIT_RETAIN_SELF = YES;
				CLANG_WARN_OBJC_LITERAL_CONVERSION = YES;
				CLANG_WARN_OBJC_ROOT_CLASS = YES_ERROR;
				CLANG_WARN_RANGE_LOOP_ANALYSIS = YES;
				CLANG_WARN_STRICT_PROTOTYPES = YES;
				CLANG_WARN_SUSPICIOUS_MOVE = YES;
				CLANG_WARN_UNGUARDED_AVAILABILITY = YES_AGGRESSIVE;
				CLANG_WARN_UNREACHABLE_CODE = YES;
				CLANG_WARN__DUPLICATE_METHOD_MATCH = YES;
				COPY_PHASE_STRIP = NO;
				DEBUG_INFORMATION_FORMAT = dwarf;
				ENABLE_STRICT_OBJC_MSGSEND = YES;
				ENABLE_TESTABILITY = YES;
				GCC_C_LANGUAGE_STANDARD = gnu11;
				GCC_DYNAMIC_NO_PIC = NO;
				GCC_NO_COMMON_BLOCKS = YES;
				GCC_OPTIMIZATION_LEVEL = 0;
				GCC_PREPROCESSOR_DEFINITIONS = (
					"DEBUG=1",
					"$(inherited)",
				);
				GCC_WARN_64_TO_32_BIT_CONVERSION = YES;
				GCC_WARN_ABOUT_RETURN_TYPE = YES_ERROR;
				GCC_WARN_UNDECLARED_SELECTOR = YES;
				GCC_WARN_UNINITIALIZED_AUTOS = YES_AGGRESSIVE;
				GCC_WARN_UNUSED_FUNCTION = YES;
				GCC_WARN_UNUSED_VARIABLE = YES;
				IPHONEOS_DEPLOYMENT_TARGET = 10.0;
				MTL_ENABLE_DEBUG_INFO = INCLUDE_SOURCE;
				MTL_FAST_MATH = YES;
				ONLY_ACTIVE_ARCH = YES;
				SDKROOT = iphoneos;
			};
			name = Debug;
		};
		76368A70234C5908007BF656 /* Release */ = {
			isa = XCBuildConfiguration;
			buildSettings = {
				ALWAYS_SEARCH_USER_PATHS = NO;
				CLANG_ANALYZER_LOCALIZABILITY_NONLOCALIZED = YES;
				CLANG_ANALYZER_NONNULL = YES;
				CLANG_ANALYZER_NUMBER_OBJECT_CONVERSION = YES_AGGRESSIVE;
				CLANG_CXX_LANGUAGE_STANDARD = "gnu++14";
				CLANG_CXX_LIBRARY = "libc++";
				CLANG_ENABLE_MODULES = YES;
				CLANG_ENABLE_OBJC_ARC = YES;
				CLANG_ENABLE_OBJC_WEAK = YES;
				CLANG_WARN_BLOCK_CAPTURE_AUTORELEASING = YES;
				CLANG_WARN_BOOL_CONVERSION = YES;
				CLANG_WARN_COMMA = YES;
				CLANG_WARN_CONSTANT_CONVERSION = YES;
				CLANG_WARN_DEPRECATED_OBJC_IMPLEMENTATIONS = YES;
				CLANG_WARN_DIRECT_OBJC_ISA_USAGE = YES_ERROR;
				CLANG_WARN_DOCUMENTATION_COMMENTS = YES;
				CLANG_WARN_EMPTY_BODY = YES;
				CLANG_WARN_ENUM_CONVERSION = YES;
				CLANG_WARN_INFINITE_RECURSION = YES;
				CLANG_WARN_INT_CONVERSION = YES;
				CLANG_WARN_NON_LITERAL_NULL_CONVERSION = YES;
				CLANG_WARN_OBJC_IMPLICIT_RETAIN_SELF = YES;
				CLANG_WARN_OBJC_LITERAL_CONVERSION = YES;
				CLANG_WARN_OBJC_ROOT_CLASS = YES_ERROR;
				CLANG_WARN_RANGE_LOOP_ANALYSIS = YES;
				CLANG_WARN_STRICT_PROTOTYPES = YES;
				CLANG_WARN_SUSPICIOUS_MOVE = YES;
				CLANG_WARN_UNGUARDED_AVAILABILITY = YES_AGGRESSIVE;
				CLANG_WARN_UNREACHABLE_CODE = YES;
				CLANG_WARN__DUPLICATE_METHOD_MATCH = YES;
				COPY_PHASE_STRIP = NO;
				DEBUG_INFORMATION_FORMAT = "dwarf-with-dsym";
				ENABLE_NS_ASSERTIONS = NO;
				ENABLE_STRICT_OBJC_MSGSEND = YES;
				GCC_C_LANGUAGE_STANDARD = gnu11;
				GCC_NO_COMMON_BLOCKS = YES;
				GCC_WARN_64_TO_32_BIT_CONVERSION = YES;
				GCC_WARN_ABOUT_RETURN_TYPE = YES_ERROR;
				GCC_WARN_UNDECLARED_SELECTOR = YES;
				GCC_WARN_UNINITIALIZED_AUTOS = YES_AGGRESSIVE;
				GCC_WARN_UNUSED_FUNCTION = YES;
				GCC_WARN_UNUSED_VARIABLE = YES;
				IPHONEOS_DEPLOYMENT_TARGET = 10.0;
				MTL_ENABLE_DEBUG_INFO = NO;
				MTL_FAST_MATH = YES;
				SDKROOT = iphoneos;
				VALIDATE_PRODUCT = YES;
			};
			name = Release;
		};
		76368A72234C5908007BF656 /* Debug */ = {
			isa = XCBuildConfiguration;
			baseConfigurationReference = 32048509974B69B000A9D9E8 /* Pods-UserNotification.debug.xcconfig */;
			buildSettings = {
				ASSETCATALOG_COMPILER_APPICON_NAME = AppIcon;
				CODE_SIGN_ENTITLEMENTS = UserNotification/UserNotification.entitlements;
				CODE_SIGN_STYLE = Automatic;
				DEVELOPMENT_TEAM = HH9LYTJFTB;
				INFOPLIST_FILE = UserNotification/Info.plist;
				LD_RUNPATH_SEARCH_PATHS = (
					"$(inherited)",
					"@executable_path/Frameworks",
				);
				PRODUCT_BUNDLE_IDENTIFIER = com.doctor.baiyaohealth;
				PRODUCT_NAME = "$(TARGET_NAME)";
				TARGETED_DEVICE_FAMILY = 1;
			};
			name = Debug;
		};
		76368A73234C5908007BF656 /* Release */ = {
			isa = XCBuildConfiguration;
			baseConfigurationReference = D9339B6421E2430552666BAA /* Pods-UserNotification.release.xcconfig */;
			buildSettings = {
				ASSETCATALOG_COMPILER_APPICON_NAME = AppIcon;
				CODE_SIGN_ENTITLEMENTS = UserNotification/UserNotification.entitlements;
				CODE_SIGN_STYLE = Automatic;
				DEVELOPMENT_TEAM = HH9LYTJFTB;
				INFOPLIST_FILE = UserNotification/Info.plist;
				LD_RUNPATH_SEARCH_PATHS = (
					"$(inherited)",
					"@executable_path/Frameworks",
				);
				PRODUCT_BUNDLE_IDENTIFIER = com.doctor.baiyaohealth;
				PRODUCT_NAME = "$(TARGET_NAME)";
				TARGETED_DEVICE_FAMILY = 1;
			};
			name = Release;
		};
		76368A8D234DC2BA007BF656 /* Debug */ = {
			isa = XCBuildConfiguration;
			baseConfigurationReference = 7A7D80A997853DD1664FF70D /* Pods-NotificationExtension.debug.xcconfig */;
			buildSettings = {
				CODE_SIGN_STYLE = Automatic;
				DEVELOPMENT_TEAM = HH9LYTJFTB;
				GCC_PREFIX_HEADER = "$(SRCROOT)/UserNotification/PrefixHeader.pch";
				INFOPLIST_FILE = NotificationExtension/Info.plist;
				IPHONEOS_DEPLOYMENT_TARGET = 10.0;
				LD_RUNPATH_SEARCH_PATHS = (
					"$(inherited)",
					"@executable_path/Frameworks",
					"@executable_path/../../Frameworks",
				);
				PRODUCT_BUNDLE_IDENTIFIER = com.doctor.baiyaohealth.NotificationExtension;
				PRODUCT_NAME = "$(TARGET_NAME)";
				SKIP_INSTALL = YES;
				TARGETED_DEVICE_FAMILY = 1;
			};
			name = Debug;
		};
		76368A8E234DC2BA007BF656 /* Release */ = {
			isa = XCBuildConfiguration;
			baseConfigurationReference = FAA29B864C0E824EB13BA502 /* Pods-NotificationExtension.release.xcconfig */;
			buildSettings = {
				CODE_SIGN_STYLE = Automatic;
				DEVELOPMENT_TEAM = HH9LYTJFTB;
				GCC_PREFIX_HEADER = "$(SRCROOT)/UserNotification/PrefixHeader.pch";
				INFOPLIST_FILE = NotificationExtension/Info.plist;
				IPHONEOS_DEPLOYMENT_TARGET = 10.0;
				LD_RUNPATH_SEARCH_PATHS = (
					"$(inherited)",
					"@executable_path/Frameworks",
					"@executable_path/../../Frameworks",
				);
				PRODUCT_BUNDLE_IDENTIFIER = com.doctor.baiyaohealth.NotificationExtension;
				PRODUCT_NAME = "$(TARGET_NAME)";
				SKIP_INSTALL = YES;
				TARGETED_DEVICE_FAMILY = 1;
			};
			name = Release;
		};
/* End XCBuildConfiguration section */

/* Begin XCConfigurationList section */
		760BF30E2355B3EB00FC38A7 /* Build configuration list for PBXNativeTarget "NotificationServiceExtension" */ = {
			isa = XCConfigurationList;
			buildConfigurations = (
				760BF30F2355B3EB00FC38A7 /* Debug */,
				760BF3102355B3EB00FC38A7 /* Release */,
			);
			defaultConfigurationIsVisible = 0;
			defaultConfigurationName = Release;
		};
		76368A53234C5905007BF656 /* Build configuration list for PBXProject "UserNotification" */ = {
			isa = XCConfigurationList;
			buildConfigurations = (
				76368A6F234C5908007BF656 /* Debug */,
				76368A70234C5908007BF656 /* Release */,
			);
			defaultConfigurationIsVisible = 0;
			defaultConfigurationName = Release;
		};
		76368A71234C5908007BF656 /* Build configuration list for PBXNativeTarget "UserNotification" */ = {
			isa = XCConfigurationList;
			buildConfigurations = (
				76368A72234C5908007BF656 /* Debug */,
				76368A73234C5908007BF656 /* Release */,
			);
			defaultConfigurationIsVisible = 0;
			defaultConfigurationName = Release;
		};
		76368A8C234DC2BA007BF656 /* Build configuration list for PBXNativeTarget "NotificationExtension" */ = {
			isa = XCConfigurationList;
			buildConfigurations = (
				76368A8D234DC2BA007BF656 /* Debug */,
				76368A8E234DC2BA007BF656 /* Release */,
			);
			defaultConfigurationIsVisible = 0;
			defaultConfigurationName = Release;
		};
/* End XCConfigurationList section */
	};
	rootObject = 76368A50234C5905007BF656 /* Project object */;
}
